
Microsoft Visual Studio Solution File, Format Version 12.00
# Visual Studio Version 16
VisualStudioVersion = 16.0.30011.22
MinimumVisualStudioVersion = 10.0.40219.1
Project("{FAE04EC0-301F-11D3-BF4B-00C04F79EFBC}") = "CRUD.EF", "CRUD.EF\CRUD.EF.csproj", "{4AF53ECB-F299-4491-ADFB-FFEF0CBCADC4}"
EndProject
Global
	GlobalSection(SolutionConfigurationPlatforms) = preSolution
		Debug|Any CPU = Debug|Any CPU
		Release|Any CPU = Release|Any CPU
	EndGlobalSection
	GlobalSection(ProjectConfigurationPlatforms) = postSolution
		{4AF53ECB-F299-4491-ADFB-FFEF0CBCADC4}.Debug|Any CPU.ActiveCfg = Debug|Any CPU
		{4AF53ECB-F299-4491-ADFB-FFEF0CBCADC4}.Debug|Any CPU.Build.0 = Debug|Any CPU
		{4AF53ECB-F299-4491-ADFB-FFEF0CBCADC4}.Release|Any CPU.ActiveCfg = Release|Any CPU
		{4AF53ECB-F299-4491-ADFB-FFEF0CBCADC4}.Release|Any CPU.Build.0 = Release|Any CPU
	EndGlobalSection
	GlobalSection(SolutionProperties) = preSolution
		HideSolutionNode = FALSE
	EndGlobalSection
	GlobalSection(ExtensibilityGlobals) = postSolution
		SolutionGuid = {AC3C5F95-643C-460A-8A54-79BB2BF2BB1A}
	EndGlobalSection
EndGlobal
